
Microsoft Visual Studio Solution File, Format Version 12.00
# Visual Studio Version 17
VisualStudioVersion = 17.5.33516.290
MinimumVisualStudioVersion = 10.0.40219.1
Project("{FAE04EC0-301F-11D3-BF4B-00C04F79EFBC}") = "App", "App.csproj", "{733E0762-B3D5-4978-8F64-56A308005351}"
EndProject
Global
	GlobalSection(SolutionConfigurationPlatforms) = preSolution
		Debug|Any CPU = Debug|Any CPU
		Release|Any CPU = Release|Any CPU
	EndGlobalSection
	GlobalSection(ProjectConfigurationPlatforms) = postSolution
		{733E0762-B3D5-4978-8F64-56A308005351}.Debug|Any CPU.ActiveCfg = Debug|Any CPU
		{733E0762-B3D5-4978-8F64-56A308005351}.Debug|Any CPU.Build.0 = Debug|Any CPU
		{733E0762-B3D5-4978-8F64-56A308005351}.Release|Any CPU.ActiveCfg = Release|Any CPU
		{733E0762-B3D5-4978-8F64-56A308005351}.Release|Any CPU.Build.0 = Release|Any CPU
	EndGlobalSection
	GlobalSection(SolutionProperties) = preSolution
		HideSolutionNode = FALSE
	EndGlobalSection
	GlobalSection(ExtensibilityGlobals) = postSolution
		SolutionGuid = {FB39A1B7-4DB8-4A31-A6E7-5C47B884E9F0}
	EndGlobalSection
EndGlobal
